
Microsoft Visual Studio Solution File, Format Version 12.00
# Visual Studio Version 17
VisualStudioVersion = 17.11.35312.102
MinimumVisualStudioVersion = 10.0.40219.1
Project("{FAE04EC0-301F-11D3-BF4B-00C04F79EFBC}") = "backend", "backend.csproj", "{B6260E60-8F6B-4DF5-8925-B7DF2AF1F2FE}"
EndProject
Global
	GlobalSection(SolutionConfigurationPlatforms) = preSolution
		Debug|Any CPU = Debug|Any CPU
		Release|Any CPU = Release|Any CPU
	EndGlobalSection
	GlobalSection(ProjectConfigurationPlatforms) = postSolution
		{B6260E60-8F6B-4DF5-8925-B7DF2AF1F2FE}.Debug|Any CPU.ActiveCfg = Debug|Any CPU
		{B6260E60-8F6B-4DF5-8925-B7DF2AF1F2FE}.Debug|Any CPU.Build.0 = Debug|Any CPU
		{B6260E60-8F6B-4DF5-8925-B7DF2AF1F2FE}.Release|Any CPU.ActiveCfg = Release|Any CPU
		{B6260E60-8F6B-4DF5-8925-B7DF2AF1F2FE}.Release|Any CPU.Build.0 = Release|Any CPU
	EndGlobalSection
	GlobalSection(SolutionProperties) = preSolution
		HideSolutionNode = FALSE
	EndGlobalSection
	GlobalSection(ExtensibilityGlobals) = postSolution
		SolutionGuid = {CD03EE59-CE03-43F8-AE3B-7744D1C552C7}
	EndGlobalSection
EndGlobal
